
Microsoft Visual Studio Solution File, Format Version 12.00
# Visual Studio Version 17
VisualStudioVersion = 17.8.34316.72
MinimumVisualStudioVersion = 10.0.40219.1
Project("{FAE04EC0-301F-11D3-BF4B-00C04F79EFBC}") = "weather_forecast_app_client", "weather_forecast_app_client.csproj", "{5BDBD5F3-4A26-4BE5-AA5C-A47FE4B9F68D}"
EndProject
Project("{FAE04EC0-301F-11D3-BF4B-00C04F79EFBC}") = "weather_forecast_app_entities", "..\weather_forecast_app_entities\weather_forecast_app_entities.csproj", "{80AC3D85-D76E-4F56-BDBA-17D86F857AFD}"
EndProject
Project("{FAE04EC0-301F-11D3-BF4B-00C04F79EFBC}") = "weather_forecast_app_dac", "..\weather_forecast_app_dac\weather_forecast_app_dac.csproj", "{FB9BB1F1-C094-4577-8FFC-D4636ADD16A8}"
EndProject
Project("{FAE04EC0-301F-11D3-BF4B-00C04F79EFBC}") = "weather_forecast_app_bl", "..\weather_forecast_app_bl\weather_forecast_app_bl.csproj", "{4CB220A9-3D5D-472A-8299-3A862E765EFB}"
EndProject
Project("{FAE04EC0-301F-11D3-BF4B-00C04F79EFBC}") = "weather_forecast_app_test", "..\weather_forecast_app_test\weather_forecast_app_test.csproj", "{CC1091A9-651A-4781-94EB-E5660B4C3540}"
EndProject
Global
	GlobalSection(SolutionConfigurationPlatforms) = preSolution
		Debug|Any CPU = Debug|Any CPU
		Release|Any CPU = Release|Any CPU
	EndGlobalSection
	GlobalSection(ProjectConfigurationPlatforms) = postSolution
		{5BDBD5F3-4A26-4BE5-AA5C-A47FE4B9F68D}.Debug|Any CPU.ActiveCfg = Debug|Any CPU
		{5BDBD5F3-4A26-4BE5-AA5C-A47FE4B9F68D}.Debug|Any CPU.Build.0 = Debug|Any CPU
		{5BDBD5F3-4A26-4BE5-AA5C-A47FE4B9F68D}.Release|Any CPU.ActiveCfg = Release|Any CPU
		{5BDBD5F3-4A26-4BE5-AA5C-A47FE4B9F68D}.Release|Any CPU.Build.0 = Release|Any CPU
		{80AC3D85-D76E-4F56-BDBA-17D86F857AFD}.Debug|Any CPU.ActiveCfg = Debug|Any CPU
		{80AC3D85-D76E-4F56-BDBA-17D86F857AFD}.Debug|Any CPU.Build.0 = Debug|Any CPU
		{80AC3D85-D76E-4F56-BDBA-17D86F857AFD}.Release|Any CPU.ActiveCfg = Release|Any CPU
		{80AC3D85-D76E-4F56-BDBA-17D86F857AFD}.Release|Any CPU.Build.0 = Release|Any CPU
		{FB9BB1F1-C094-4577-8FFC-D4636ADD16A8}.Debug|Any CPU.ActiveCfg = Debug|Any CPU
		{FB9BB1F1-C094-4577-8FFC-D4636ADD16A8}.Debug|Any CPU.Build.0 = Debug|Any CPU
		{FB9BB1F1-C094-4577-8FFC-D4636ADD16A8}.Release|Any CPU.ActiveCfg = Release|Any CPU
		{FB9BB1F1-C094-4577-8FFC-D4636ADD16A8}.Release|Any CPU.Build.0 = Release|Any CPU
		{4CB220A9-3D5D-472A-8299-3A862E765EFB}.Debug|Any CPU.ActiveCfg = Debug|Any CPU
		{4CB220A9-3D5D-472A-8299-3A862E765EFB}.Debug|Any CPU.Build.0 = Debug|Any CPU
		{4CB220A9-3D5D-472A-8299-3A862E765EFB}.Release|Any CPU.ActiveCfg = Release|Any CPU
		{4CB220A9-3D5D-472A-8299-3A862E765EFB}.Release|Any CPU.Build.0 = Release|Any CPU
		{CC1091A9-651A-4781-94EB-E5660B4C3540}.Debug|Any CPU.ActiveCfg = Debug|Any CPU
		{CC1091A9-651A-4781-94EB-E5660B4C3540}.Debug|Any CPU.Build.0 = Debug|Any CPU
		{CC1091A9-651A-4781-94EB-E5660B4C3540}.Release|Any CPU.ActiveCfg = Release|Any CPU
		{CC1091A9-651A-4781-94EB-E5660B4C3540}.Release|Any CPU.Build.0 = Release|Any CPU
	EndGlobalSection
	GlobalSection(SolutionProperties) = preSolution
		HideSolutionNode = FALSE
	EndGlobalSection
	GlobalSection(ExtensibilityGlobals) = postSolution
		SolutionGuid = {42B7237A-DE72-41F2-B74B-718D3448D1DD}
	EndGlobalSection
EndGlobal
